{
    "_meta": {
        "hash": {
            "sha256": "a22498c59e75936c53069f6a03ae44a5bffbb30ebae7d15103867a5e52e75098"
        },
        "pipfile-spec": 6,
        "requires": {
            "python_version": "3.11"
        },
        "sources": [
            {
                "name": "pypi",
                "url": "https://pypi.org/simple",
                "verify_ssl": true
            }
        ]
    },
    "default": {
        "attrs": {
            "hashes": [
                "sha256:29e95c7f6778868dbd49170f98f8818f78f3dc5e0e37c0b1f474e3561b240836",
                "sha256:c9227bfc2f01993c03f68db37d1d15c9690188323c067c641f1a35ca58185f99"
            ],
            "markers": "python_version >= '3.6'",
            "version": "==22.2.0"
        },
        "colorama": {
            "hashes": [
                "sha256:08695f5cb7ed6e0531a20572697297273c47b8cae5a63ffc6d6ed5c201be6e44",
                "sha256:4f1d9991f5acc0ca119f9d443620b77f9d6b33703e51011c16baf57afb285fc6"
            ],
            "markers": "sys_platform == 'win32'",
            "version": "==0.4.6"
        },
        "decopatch": {
            "hashes": [
                "sha256:957f49c93f4150182c23f8fb51d13bb3213e0f17a79e09c8cca7057598b55720",
                "sha256:e151f7f93de2b1b3fd3f3272dcc7cefd1a69f68ec1c2d8e288ecd9deb36dc5f7"
            ],
            "version": "==1.4.10"
        },
        "iniconfig": {
            "hashes": [
                "sha256:2d91e135bf72d31a410b17c16da610a82cb55f6b0477d1a902134b24a455b8b3",
                "sha256:b6a85871a79d2e3b22d2d1b94ac2824226a63c6b741c88f7ae975f18b6778374"
            ],
            "markers": "python_version >= '3.7'",
            "version": "==2.0.0"
        },
        "makefun": {
            "hashes": [
                "sha256:40b0f118b6ded0d8d78c78f1eb679b8b6b2462e3c1b3e05fb1b2da8cd46b48a5",
                "sha256:a63cfc7b47a539c76d97bd4fdb833c7d0461e759fd1225f580cb4be6200294d4"
            ],
            "version": "==1.15.1"
        },
        "packaging": {
            "hashes": [
                "sha256:714ac14496c3e68c99c29b00845f7a2b85f3bb6f1078fd9f72fd20f0570002b2",
                "sha256:b6ad297f8907de0fa2fe1ccbd26fdaf387f5f47c7275fedf8cce89f99446cf97"
            ],
            "markers": "python_version >= '3.7'",
            "version": "==23.0"
        },
        "pluggy": {
            "hashes": [
                "sha256:4224373bacce55f955a878bf9cfa763c1e360858e330072059e10bad68531159",
                "sha256:74134bbf457f031a36d68416e1509f34bd5ccc019f0bcc952c7b909d06b37bd3"
            ],
            "markers": "python_version >= '3.6'",
            "version": "==1.0.0"
        },
        "probnode": {
            "editable": true,
            "path": "."
        },
        "pyfields": {
            "hashes": [
                "sha256:3827207f55557ff9300cd157993e6e513126c3f683bb7974a1bb077600b32a55",
                "sha256:e1bed02cf5768eccd58d9c5b4e263729732c04297f32721746230c26e3ffc8d3"
            ],
            "version": "==1.7.0"
        },
        "pytest": {
            "hashes": [
                "sha256:130328f552dcfac0b1cec75c12e3f005619dc5f874f0a06e8ff7263f0ee6225e",
                "sha256:c99ab0c73aceb050f68929bc93af19ab6db0558791c6a0715723abe9d0ade9d4"
            ],
            "index": "pypi",
            "version": "==7.2.2"
        },
        "six": {
            "hashes": [
                "sha256:1e61c37477a1626458e36f7b1d82aa5c9b094fa4802892072e49de9c60c4c926",
                "sha256:8abb2f1d86890a2dfb989f9a77cfcfd3e47c2a354b01111771326f8aa26e0254"
            ],
            "markers": "python_version >= '2.7' and python_version not in '3.0, 3.1, 3.2, 3.3'",
            "version": "==1.16.0"
        },
        "valid8": {
            "hashes": [
                "sha256:2a49bfe4679f92e0bcf6b61453bd1f0cb430044df2c358e85139206c9a98b765",
                "sha256:cb545f1898085a9d0270eba1f0533c51e4c8e999ff397164c805b5c6b7a627a0"
            ],
            "version": "==5.1.2"
        }
    },
    "develop": {
        "yapf": {
            "hashes": [
                "sha256:8fea849025584e486fd06d6ba2bed717f396080fd3cc236ba10cb97c4c51cf32",
                "sha256:a3f5085d37ef7e3e004c4ba9f9b3e40c54ff1901cd111f05145ae313a7c67d1b"
            ],
            "index": "pypi",
            "version": "==0.32.0"
        }
    }
}
