{
    "_meta": {
        "hash": {
            "sha256": "823c767916130ba0a78de4222e7250bb10fe6c79a8751a29d14e34fb7e983b71"
        },
        "pipfile-spec": 6,
        "requires": {
            "python_version": "3.11"
        },
        "sources": [
            {
                "name": "pypi",
                "url": "https://pypi.org/simple",
                "verify_ssl": true
            }
        ]
    },
    "default": {
        "attrs": {
            "hashes": [
                "sha256:29adc2665447e5191d0e7c568fde78b21f9672d344281d0c6e1ab085429b22b6",
                "sha256:86efa402f67bf2df34f51a335487cf46b1ec130d02b8d39fd248abfd30da551c"
            ],
            "markers": "python_version >= '3.5'",
            "version": "==22.1.0"
        },
        "colorama": {
            "hashes": [
                "sha256:08695f5cb7ed6e0531a20572697297273c47b8cae5a63ffc6d6ed5c201be6e44",
                "sha256:4f1d9991f5acc0ca119f9d443620b77f9d6b33703e51011c16baf57afb285fc6"
            ],
            "markers": "sys_platform == 'win32'",
            "version": "==0.4.6"
        },
        "decopatch": {
            "hashes": [
                "sha256:957f49c93f4150182c23f8fb51d13bb3213e0f17a79e09c8cca7057598b55720",
                "sha256:e151f7f93de2b1b3fd3f3272dcc7cefd1a69f68ec1c2d8e288ecd9deb36dc5f7"
            ],
            "version": "==1.4.10"
        },
        "iniconfig": {
            "hashes": [
                "sha256:011e24c64b7f47f6ebd835bb12a743f2fbe9a26d4cecaa7f53bc4f35ee9da8b3",
                "sha256:bc3af051d7d14b2ee5ef9969666def0cd1a000e121eaea580d4a313df4b37f32"
            ],
            "version": "==1.1.1"
        },
        "makefun": {
            "hashes": [
                "sha256:5b110e733d94f7a49d8ac27b1e2d40f2bb0501e98c1d825e0d932d26920dd5df",
                "sha256:d79319f9e71b6825ca163be0afa45cbc5b1215e682efa35b2d355a03c594279c"
            ],
            "version": "==1.15.0"
        },
        "packaging": {
            "hashes": [
                "sha256:dd47c42927d89ab911e606518907cc2d3a1f38bbd026385970643f9c5b8ecfeb",
                "sha256:ef103e05f519cdc783ae24ea4e2e0f508a9c99b2d4969652eed6a2e1ea5bd522"
            ],
            "markers": "python_version >= '3.6'",
            "version": "==21.3"
        },
        "pluggy": {
            "hashes": [
                "sha256:4224373bacce55f955a878bf9cfa763c1e360858e330072059e10bad68531159",
                "sha256:74134bbf457f031a36d68416e1509f34bd5ccc019f0bcc952c7b909d06b37bd3"
            ],
            "markers": "python_version >= '3.6'",
            "version": "==1.0.0"
        },
        "probnode": {
            "editable": true,
            "path": "."
        },
        "pyfields": {
            "hashes": [
                "sha256:3827207f55557ff9300cd157993e6e513126c3f683bb7974a1bb077600b32a55",
                "sha256:e1bed02cf5768eccd58d9c5b4e263729732c04297f32721746230c26e3ffc8d3"
            ],
            "version": "==1.7.0"
        },
        "pyparsing": {
            "hashes": [
                "sha256:2b020ecf7d21b687f219b71ecad3631f644a47f01403fa1d1036b0c6416d70fb",
                "sha256:5026bae9a10eeaefb61dab2f09052b9f4307d44aee4eda64b309723d8d206bbc"
            ],
            "markers": "python_full_version >= '3.6.8'",
            "version": "==3.0.9"
        },
        "pytest": {
            "hashes": [
                "sha256:892f933d339f068883b6fd5a459f03d85bfcb355e4981e146d2c7616c21fef71",
                "sha256:c4014eb40e10f11f355ad4e3c2fb2c6c6d1919c73f3b5a433de4708202cade59"
            ],
            "index": "pypi",
            "version": "==7.2.0"
        },
        "six": {
            "hashes": [
                "sha256:1e61c37477a1626458e36f7b1d82aa5c9b094fa4802892072e49de9c60c4c926",
                "sha256:8abb2f1d86890a2dfb989f9a77cfcfd3e47c2a354b01111771326f8aa26e0254"
            ],
            "markers": "python_version >= '2.7' and python_version not in '3.0, 3.1, 3.2, 3.3'",
            "version": "==1.16.0"
        },
        "valid8": {
            "hashes": [
                "sha256:2a49bfe4679f92e0bcf6b61453bd1f0cb430044df2c358e85139206c9a98b765",
                "sha256:cb545f1898085a9d0270eba1f0533c51e4c8e999ff397164c805b5c6b7a627a0"
            ],
            "version": "==5.1.2"
        }
    },
    "develop": {}
}
