{
    "_meta": {
        "hash": {
            "sha256": "dcf28730dac7caab0565e983770877c0f9e50bb793ee8a6a9d8d060f6d158294"
        },
        "pipfile-spec": 6,
        "requires": {
            "python_version": "3.8"
        },
        "sources": [
            {
                "name": "pypi",
                "url": "https://pypi.org/simple",
                "verify_ssl": true
            }
        ]
    },
    "default": {
        "proba": {
            "editable": true,
            "path": "."
        }
    },
    "develop": {}
}
